<?xml version="1.0" encoding="UTF-8"?>
<CodeBlocks_project_file>
	<FileVersion major="1" minor="6"/>
	<Project>
		<Option title="riscv-simulator"/>
		<Option makefile_is_custom="1"/>
		<Option compiler="gcc"/>
		<Option virtualFolders="CMake Files\;CMake Files\test\;CMake Files\cpu\;CMake Files\mem\;CMake Files\translator\;"/>
		<Build>
			<Target title="all">
				<Option working_dir="/Users/klk/CLionProjects/riscv-simulator"/>
				<Option type="4"/>
				<MakeCommands>
					<Build command="/usr/bin/make -j4 -f &quot;/Users/klk/CLionProjects/riscv-simulator/Makefile&quot;  VERBOSE=1 all"/>
					<CompileFile command="/usr/bin/make -j4 -f &quot;/Users/klk/CLionProjects/riscv-simulator/Makefile&quot;  VERBOSE=1 &quot;$file&quot;"/>
					<Clean command="/usr/bin/make -j4 -f &quot;/Users/klk/CLionProjects/riscv-simulator/Makefile&quot;  VERBOSE=1 clean"/>
					<DistClean command="/usr/bin/make -j4 -f &quot;/Users/klk/CLionProjects/riscv-simulator/Makefile&quot;  VERBOSE=1 clean"/>
				</MakeCommands>
			</Target>
			<Target title="rebuild_cache">
				<Option working_dir="/Users/klk/CLionProjects/riscv-simulator"/>
				<Option type="4"/>
				<MakeCommands>
					<Build command="/usr/bin/make -j4 -f &quot;/Users/klk/CLionProjects/riscv-simulator/Makefile&quot;  VERBOSE=1 rebuild_cache"/>
					<CompileFile command="/usr/bin/make -j4 -f &quot;/Users/klk/CLionProjects/riscv-simulator/Makefile&quot;  VERBOSE=1 &quot;$file&quot;"/>
					<Clean command="/usr/bin/make -j4 -f &quot;/Users/klk/CLionProjects/riscv-simulator/Makefile&quot;  VERBOSE=1 clean"/>
					<DistClean command="/usr/bin/make -j4 -f &quot;/Users/klk/CLionProjects/riscv-simulator/Makefile&quot;  VERBOSE=1 clean"/>
				</MakeCommands>
			</Target>
			<Target title="edit_cache">
				<Option working_dir="/Users/klk/CLionProjects/riscv-simulator"/>
				<Option type="4"/>
				<MakeCommands>
					<Build command="/usr/bin/make -j4 -f &quot;/Users/klk/CLionProjects/riscv-simulator/Makefile&quot;  VERBOSE=1 edit_cache"/>
					<CompileFile command="/usr/bin/make -j4 -f &quot;/Users/klk/CLionProjects/riscv-simulator/Makefile&quot;  VERBOSE=1 &quot;$file&quot;"/>
					<Clean command="/usr/bin/make -j4 -f &quot;/Users/klk/CLionProjects/riscv-simulator/Makefile&quot;  VERBOSE=1 clean"/>
					<DistClean command="/usr/bin/make -j4 -f &quot;/Users/klk/CLionProjects/riscv-simulator/Makefile&quot;  VERBOSE=1 clean"/>
				</MakeCommands>
			</Target>
			<Target title="TestAll">
				<Option output="/Users/klk/CLionProjects/riscv-simulator/TestAll" prefix_auto="0" extension_auto="0"/>
				<Option working_dir="/Users/klk/CLionProjects/riscv-simulator"/>
				<Option object_output="./"/>
				<Option type="1"/>
				<Option compiler="gcc"/>
				<Compiler>
					<Add directory="/Users/klk/CLionProjects/riscv-simulator/test"/>
					<Add directory="/Library/Developer/CommandLineTools/usr/bin/../include/c++/v1"/>
					<Add directory="/usr/local/include"/>
					<Add directory="/Library/Developer/CommandLineTools/usr/bin/../lib/clang/8.0.0/include"/>
					<Add directory="/Library/Developer/CommandLineTools/usr/include"/>
					<Add directory="/usr/include"/>
					<Add directory="/System/Library/Frameworks"/>
					<Add directory="/Library/Frameworks"/>
				</Compiler>
				<MakeCommands>
					<Build command="/usr/bin/make -j4 -f &quot;/Users/klk/CLionProjects/riscv-simulator/Makefile&quot;  VERBOSE=1 TestAll"/>
					<CompileFile command="/usr/bin/make -j4 -f &quot;/Users/klk/CLionProjects/riscv-simulator/Makefile&quot;  VERBOSE=1 &quot;$file&quot;"/>
					<Clean command="/usr/bin/make -j4 -f &quot;/Users/klk/CLionProjects/riscv-simulator/Makefile&quot;  VERBOSE=1 clean"/>
					<DistClean command="/usr/bin/make -j4 -f &quot;/Users/klk/CLionProjects/riscv-simulator/Makefile&quot;  VERBOSE=1 clean"/>
				</MakeCommands>
			</Target>
			<Target title="TestAll/fast">
				<Option output="/Users/klk/CLionProjects/riscv-simulator/TestAll" prefix_auto="0" extension_auto="0"/>
				<Option working_dir="/Users/klk/CLionProjects/riscv-simulator"/>
				<Option object_output="./"/>
				<Option type="1"/>
				<Option compiler="gcc"/>
				<Compiler>
					<Add directory="/Users/klk/CLionProjects/riscv-simulator/test"/>
					<Add directory="/Library/Developer/CommandLineTools/usr/bin/../include/c++/v1"/>
					<Add directory="/usr/local/include"/>
					<Add directory="/Library/Developer/CommandLineTools/usr/bin/../lib/clang/8.0.0/include"/>
					<Add directory="/Library/Developer/CommandLineTools/usr/include"/>
					<Add directory="/usr/include"/>
					<Add directory="/System/Library/Frameworks"/>
					<Add directory="/Library/Frameworks"/>
				</Compiler>
				<MakeCommands>
					<Build command="/usr/bin/make -j4 -f &quot;/Users/klk/CLionProjects/riscv-simulator/Makefile&quot;  VERBOSE=1 TestAll/fast"/>
					<CompileFile command="/usr/bin/make -j4 -f &quot;/Users/klk/CLionProjects/riscv-simulator/Makefile&quot;  VERBOSE=1 &quot;$file&quot;"/>
					<Clean command="/usr/bin/make -j4 -f &quot;/Users/klk/CLionProjects/riscv-simulator/Makefile&quot;  VERBOSE=1 clean"/>
					<DistClean command="/usr/bin/make -j4 -f &quot;/Users/klk/CLionProjects/riscv-simulator/Makefile&quot;  VERBOSE=1 clean"/>
				</MakeCommands>
			</Target>
			<Target title="risc-translator">
				<Option output="/Users/klk/CLionProjects/riscv-simulator/risc-translator" prefix_auto="0" extension_auto="0"/>
				<Option working_dir="/Users/klk/CLionProjects/riscv-simulator"/>
				<Option object_output="./"/>
				<Option type="1"/>
				<Option compiler="gcc"/>
				<Compiler>
					<Add directory="/Users/klk/CLionProjects/riscv-simulator/test"/>
					<Add directory="/Library/Developer/CommandLineTools/usr/bin/../include/c++/v1"/>
					<Add directory="/usr/local/include"/>
					<Add directory="/Library/Developer/CommandLineTools/usr/bin/../lib/clang/8.0.0/include"/>
					<Add directory="/Library/Developer/CommandLineTools/usr/include"/>
					<Add directory="/usr/include"/>
					<Add directory="/System/Library/Frameworks"/>
					<Add directory="/Library/Frameworks"/>
				</Compiler>
				<MakeCommands>
					<Build command="/usr/bin/make -j4 -f &quot;/Users/klk/CLionProjects/riscv-simulator/Makefile&quot;  VERBOSE=1 risc-translator"/>
					<CompileFile command="/usr/bin/make -j4 -f &quot;/Users/klk/CLionProjects/riscv-simulator/Makefile&quot;  VERBOSE=1 &quot;$file&quot;"/>
					<Clean command="/usr/bin/make -j4 -f &quot;/Users/klk/CLionProjects/riscv-simulator/Makefile&quot;  VERBOSE=1 clean"/>
					<DistClean command="/usr/bin/make -j4 -f &quot;/Users/klk/CLionProjects/riscv-simulator/Makefile&quot;  VERBOSE=1 clean"/>
				</MakeCommands>
			</Target>
			<Target title="risc-translator/fast">
				<Option output="/Users/klk/CLionProjects/riscv-simulator/risc-translator" prefix_auto="0" extension_auto="0"/>
				<Option working_dir="/Users/klk/CLionProjects/riscv-simulator"/>
				<Option object_output="./"/>
				<Option type="1"/>
				<Option compiler="gcc"/>
				<Compiler>
					<Add directory="/Users/klk/CLionProjects/riscv-simulator/test"/>
					<Add directory="/Library/Developer/CommandLineTools/usr/bin/../include/c++/v1"/>
					<Add directory="/usr/local/include"/>
					<Add directory="/Library/Developer/CommandLineTools/usr/bin/../lib/clang/8.0.0/include"/>
					<Add directory="/Library/Developer/CommandLineTools/usr/include"/>
					<Add directory="/usr/include"/>
					<Add directory="/System/Library/Frameworks"/>
					<Add directory="/Library/Frameworks"/>
				</Compiler>
				<MakeCommands>
					<Build command="/usr/bin/make -j4 -f &quot;/Users/klk/CLionProjects/riscv-simulator/Makefile&quot;  VERBOSE=1 risc-translator/fast"/>
					<CompileFile command="/usr/bin/make -j4 -f &quot;/Users/klk/CLionProjects/riscv-simulator/Makefile&quot;  VERBOSE=1 &quot;$file&quot;"/>
					<Clean command="/usr/bin/make -j4 -f &quot;/Users/klk/CLionProjects/riscv-simulator/Makefile&quot;  VERBOSE=1 clean"/>
					<DistClean command="/usr/bin/make -j4 -f &quot;/Users/klk/CLionProjects/riscv-simulator/Makefile&quot;  VERBOSE=1 clean"/>
				</MakeCommands>
			</Target>
			<Target title="risc-simulator">
				<Option output="/Users/klk/CLionProjects/riscv-simulator/risc-simulator" prefix_auto="0" extension_auto="0"/>
				<Option working_dir="/Users/klk/CLionProjects/riscv-simulator"/>
				<Option object_output="./"/>
				<Option type="1"/>
				<Option compiler="gcc"/>
				<Compiler>
					<Add directory="/Users/klk/CLionProjects/riscv-simulator/test"/>
					<Add directory="/Library/Developer/CommandLineTools/usr/bin/../include/c++/v1"/>
					<Add directory="/usr/local/include"/>
					<Add directory="/Library/Developer/CommandLineTools/usr/bin/../lib/clang/8.0.0/include"/>
					<Add directory="/Library/Developer/CommandLineTools/usr/include"/>
					<Add directory="/usr/include"/>
					<Add directory="/System/Library/Frameworks"/>
					<Add directory="/Library/Frameworks"/>
				</Compiler>
				<MakeCommands>
					<Build command="/usr/bin/make -j4 -f &quot;/Users/klk/CLionProjects/riscv-simulator/Makefile&quot;  VERBOSE=1 risc-simulator"/>
					<CompileFile command="/usr/bin/make -j4 -f &quot;/Users/klk/CLionProjects/riscv-simulator/Makefile&quot;  VERBOSE=1 &quot;$file&quot;"/>
					<Clean command="/usr/bin/make -j4 -f &quot;/Users/klk/CLionProjects/riscv-simulator/Makefile&quot;  VERBOSE=1 clean"/>
					<DistClean command="/usr/bin/make -j4 -f &quot;/Users/klk/CLionProjects/riscv-simulator/Makefile&quot;  VERBOSE=1 clean"/>
				</MakeCommands>
			</Target>
			<Target title="risc-simulator/fast">
				<Option output="/Users/klk/CLionProjects/riscv-simulator/risc-simulator" prefix_auto="0" extension_auto="0"/>
				<Option working_dir="/Users/klk/CLionProjects/riscv-simulator"/>
				<Option object_output="./"/>
				<Option type="1"/>
				<Option compiler="gcc"/>
				<Compiler>
					<Add directory="/Users/klk/CLionProjects/riscv-simulator/test"/>
					<Add directory="/Library/Developer/CommandLineTools/usr/bin/../include/c++/v1"/>
					<Add directory="/usr/local/include"/>
					<Add directory="/Library/Developer/CommandLineTools/usr/bin/../lib/clang/8.0.0/include"/>
					<Add directory="/Library/Developer/CommandLineTools/usr/include"/>
					<Add directory="/usr/include"/>
					<Add directory="/System/Library/Frameworks"/>
					<Add directory="/Library/Frameworks"/>
				</Compiler>
				<MakeCommands>
					<Build command="/usr/bin/make -j4 -f &quot;/Users/klk/CLionProjects/riscv-simulator/Makefile&quot;  VERBOSE=1 risc-simulator/fast"/>
					<CompileFile command="/usr/bin/make -j4 -f &quot;/Users/klk/CLionProjects/riscv-simulator/Makefile&quot;  VERBOSE=1 &quot;$file&quot;"/>
					<Clean command="/usr/bin/make -j4 -f &quot;/Users/klk/CLionProjects/riscv-simulator/Makefile&quot;  VERBOSE=1 clean"/>
					<DistClean command="/usr/bin/make -j4 -f &quot;/Users/klk/CLionProjects/riscv-simulator/Makefile&quot;  VERBOSE=1 clean"/>
				</MakeCommands>
			</Target>
		</Build>
		<Unit filename="/Users/klk/CLionProjects/riscv-simulator/cpu/alu.cpp">
			<Option target="TestAll"/>
			<Option target="risc-simulator"/>
		</Unit>
		<Unit filename="/Users/klk/CLionProjects/riscv-simulator/cpu/alu.h">
			<Option target="TestAll"/>
			<Option target="risc-simulator"/>
		</Unit>
		<Unit filename="/Users/klk/CLionProjects/riscv-simulator/cpu/cpu.cpp">
			<Option target="TestAll"/>
			<Option target="risc-simulator"/>
		</Unit>
		<Unit filename="/Users/klk/CLionProjects/riscv-simulator/cpu/cpu.h">
			<Option target="TestAll"/>
			<Option target="risc-simulator"/>
		</Unit>
		<Unit filename="/Users/klk/CLionProjects/riscv-simulator/cpu/reg.cpp">
			<Option target="TestAll"/>
			<Option target="risc-simulator"/>
		</Unit>
		<Unit filename="/Users/klk/CLionProjects/riscv-simulator/cpu/reg.h">
			<Option target="TestAll"/>
			<Option target="risc-simulator"/>
		</Unit>
		<Unit filename="/Users/klk/CLionProjects/riscv-simulator/main.cpp">
			<Option target="risc-simulator"/>
		</Unit>
		<Unit filename="/Users/klk/CLionProjects/riscv-simulator/mem/mem.cpp">
			<Option target="TestAll"/>
			<Option target="risc-simulator"/>
		</Unit>
		<Unit filename="/Users/klk/CLionProjects/riscv-simulator/mem/mem.h">
			<Option target="TestAll"/>
			<Option target="risc-simulator"/>
		</Unit>
		<Unit filename="/Users/klk/CLionProjects/riscv-simulator/test/test-alu.cpp">
			<Option target="TestAll"/>
		</Unit>
		<Unit filename="/Users/klk/CLionProjects/riscv-simulator/test/test-cpu.cpp">
			<Option target="TestAll"/>
		</Unit>
		<Unit filename="/Users/klk/CLionProjects/riscv-simulator/translator/trans_main.cpp">
			<Option target="risc-translator"/>
		</Unit>
		<Unit filename="/Users/klk/CLionProjects/riscv-simulator/translator/translator.cpp">
			<Option target="TestAll"/>
			<Option target="risc-translator"/>
			<Option target="risc-simulator"/>
		</Unit>
		<Unit filename="/Users/klk/CLionProjects/riscv-simulator/translator/translator.h">
			<Option target="TestAll"/>
			<Option target="risc-translator"/>
			<Option target="risc-simulator"/>
		</Unit>
		<Unit filename="/Users/klk/CLionProjects/riscv-simulator/CMakeLists.txt">
			<Option virtualFolder="CMake Files\"/>
		</Unit>
		<Unit filename="/Users/klk/CLionProjects/riscv-simulator/test/test-alu.cpp">
			<Option virtualFolder="CMake Files\test\"/>
		</Unit>
		<Unit filename="/Users/klk/CLionProjects/riscv-simulator/test/test-cpu.cpp">
			<Option virtualFolder="CMake Files\test\"/>
		</Unit>
		<Unit filename="/Users/klk/CLionProjects/riscv-simulator/cpu/alu.cpp">
			<Option virtualFolder="CMake Files\cpu\"/>
		</Unit>
		<Unit filename="/Users/klk/CLionProjects/riscv-simulator/cpu/alu.h">
			<Option virtualFolder="CMake Files\cpu\"/>
		</Unit>
		<Unit filename="/Users/klk/CLionProjects/riscv-simulator/cpu/cpu.cpp">
			<Option virtualFolder="CMake Files\cpu\"/>
		</Unit>
		<Unit filename="/Users/klk/CLionProjects/riscv-simulator/cpu/cpu.h">
			<Option virtualFolder="CMake Files\cpu\"/>
		</Unit>
		<Unit filename="/Users/klk/CLionProjects/riscv-simulator/cpu/reg.cpp">
			<Option virtualFolder="CMake Files\cpu\"/>
		</Unit>
		<Unit filename="/Users/klk/CLionProjects/riscv-simulator/cpu/reg.h">
			<Option virtualFolder="CMake Files\cpu\"/>
		</Unit>
		<Unit filename="/Users/klk/CLionProjects/riscv-simulator/mem/mem.cpp">
			<Option virtualFolder="CMake Files\mem\"/>
		</Unit>
		<Unit filename="/Users/klk/CLionProjects/riscv-simulator/mem/mem.h">
			<Option virtualFolder="CMake Files\mem\"/>
		</Unit>
		<Unit filename="/Users/klk/CLionProjects/riscv-simulator/translator/translator.cpp">
			<Option virtualFolder="CMake Files\translator\"/>
		</Unit>
		<Unit filename="/Users/klk/CLionProjects/riscv-simulator/translator/translator.h">
			<Option virtualFolder="CMake Files\translator\"/>
		</Unit>
	</Project>
</CodeBlocks_project_file>
